// !$*UTF8*$!
{
	archiveVersion = 1;
	classes = {
	};
	objectVersion = 46;
	objects = {

/* Begin PBXBuildFile section */
		AB7C8AED1909B22000B7BB61 /* InfoPlist.strings in Resources */ = {isa = PBXBuildFile; fileRef = AB7C8AEB1909B22000B7BB61 /* InfoPlist.strings */; };
		AB7C8AEF1909B22000B7BB61 /* main.m in Sources */ = {isa = PBXBuildFile; fileRef = AB7C8AEE1909B22000B7BB61 /* main.m */; };
		AB7C8AF31909B22000B7BB61 /* RCWAppDelegate.m in Sources */ = {isa = PBXBuildFile; fileRef = AB7C8AF21909B22000B7BB61 /* RCWAppDelegate.m */; };
		AB7C8AF61909B22000B7BB61 /* Main.storyboard in Resources */ = {isa = PBXBuildFile; fileRef = AB7C8AF41909B22000B7BB61 /* Main.storyboard */; };
		AB7C8AF91909B22000B7BB61 /* RCWViewController.m in Sources */ = {isa = PBXBuildFile; fileRef = AB7C8AF81909B22000B7BB61 /* RCWViewController.m */; };
		AB7C8AFC1909B22000B7BB61 /* RCWMyScene.m in Sources */ = {isa = PBXBuildFile; fileRef = AB7C8AFB1909B22000B7BB61 /* RCWMyScene.m */; };
		AB7C8B001909B22000B7BB61 /* Images.xcassets in Resources */ = {isa = PBXBuildFile; fileRef = AB7C8AFF1909B22000B7BB61 /* Images.xcassets */; };
		AB7C8B1D1909B2D600B7BB61 /* flappy.atlas in Resources */ = {isa = PBXBuildFile; fileRef = AB7C8B1C1909B2D600B7BB61 /* flappy.atlas */; };
		AB7C8B241909D27B00B7BB61 /* explosion.sks in Resources */ = {isa = PBXBuildFile; fileRef = AB7C8B221909D27B00B7BB61 /* explosion.sks */; };
		AB7C8B251909D27B00B7BB61 /* spark.png in Resources */ = {isa = PBXBuildFile; fileRef = AB7C8B231909D27B00B7BB61 /* spark.png */; };
/* End PBXBuildFile section */

/* Begin PBXFileReference section */
		AB7C8ADD1909B22000B7BB61 /* FlappySanJose.app */ = {isa = PBXFileReference; explicitFileType = wrapper.application; includeInIndex = 0; path = FlappySanJose.app; sourceTree = BUILT_PRODUCTS_DIR; };
		AB7C8AEA1909B22000B7BB61 /* FlappySanJose-Info.plist */ = {isa = PBXFileReference; lastKnownFileType = text.plist.xml; path = "FlappySanJose-Info.plist"; sourceTree = "<group>"; };
		AB7C8AEC1909B22000B7BB61 /* en */ = {isa = PBXFileReference; lastKnownFileType = text.plist.strings; name = en; path = en.lproj/InfoPlist.strings; sourceTree = "<group>"; };
		AB7C8AEE1909B22000B7BB61 /* main.m */ = {isa = PBXFileReference; lastKnownFileType = sourcecode.c.objc; path = main.m; sourceTree = "<group>"; };
		AB7C8AF01909B22000B7BB61 /* FlappySanJose-Prefix.pch */ = {isa = PBXFileReference; lastKnownFileType = sourcecode.c.h; path = "FlappySanJose-Prefix.pch"; sourceTree = "<group>"; };
		AB7C8AF11909B22000B7BB61 /* RCWAppDelegate.h */ = {isa = PBXFileReference; lastKnownFileType = sourcecode.c.h; path = RCWAppDelegate.h; sourceTree = "<group>"; };
		AB7C8AF21909B22000B7BB61 /* RCWAppDelegate.m */ = {isa = PBXFileReference; lastKnownFileType = sourcecode.c.objc; path = RCWAppDelegate.m; sourceTree = "<group>"; };
		AB7C8AF51909B22000B7BB61 /* Base */ = {isa = PBXFileReference; lastKnownFileType = file.storyboard; name = Base; path = Base.lproj/Main.storyboard; sourceTree = "<group>"; };
		AB7C8AF71909B22000B7BB61 /* RCWViewController.h */ = {isa = PBXFileReference; lastKnownFileType = sourcecode.c.h; path = RCWViewController.h; sourceTree = "<group>"; };
		AB7C8AF81909B22000B7BB61 /* RCWViewController.m */ = {isa = PBXFileReference; lastKnownFileType = sourcecode.c.objc; path = RCWViewController.m; sourceTree = "<group>"; };
		AB7C8AFA1909B22000B7BB61 /* RCWMyScene.h */ = {isa = PBXFileReference; lastKnownFileType = sourcecode.c.h; path = RCWMyScene.h; sourceTree = "<group>"; };
		AB7C8AFB1909B22000B7BB61 /* RCWMyScene.m */ = {isa = PBXFileReference; lastKnownFileType = sourcecode.c.objc; path = RCWMyScene.m; sourceTree = "<group>"; };
		AB7C8AFF1909B22000B7BB61 /* Images.xcassets */ = {isa = PBXFileReference; lastKnownFileType = folder.assetcatalog; path = Images.xcassets; sourceTree = "<group>"; };
		AB7C8B1C1909B2D600B7BB61 /* flappy.atlas */ = {isa = PBXFileReference; lastKnownFileType = folder.skatlas; path = flappy.atlas; sourceTree = "<group>"; };
		AB7C8B221909D27B00B7BB61 /* explosion.sks */ = {isa = PBXFileReference; lastKnownFileType = file.sks; path = explosion.sks; sourceTree = "<group>"; };
		AB7C8B231909D27B00B7BB61 /* spark.png */ = {isa = PBXFileReference; lastKnownFileType = image.png; path = spark.png; sourceTree = "<group>"; };
/* End PBXFileReference section */

/* Begin PBXFrameworksBuildPhase section */
		AB7C8ADA1909B22000B7BB61 /* Frameworks */ = {
			isa = PBXFrameworksBuildPhase;
			buildActionMask = 2147483647;
			files = (
			);
			runOnlyForDeploymentPostprocessing = 0;
		};
/* End PBXFrameworksBuildPhase section */

/* Begin PBXGroup section */
		AB7C8AD41909B22000B7BB61 = {
			isa = PBXGroup;
			children = (
				AB7C8AE81909B22000B7BB61 /* FlappySanJose */,
				AB7C8ADE1909B22000B7BB61 /* Products */,
			);
			sourceTree = "<group>";
		};
		AB7C8ADE1909B22000B7BB61 /* Products */ = {
			isa = PBXGroup;
			children = (
				AB7C8ADD1909B22000B7BB61 /* FlappySanJose.app */,
			);
			name = Products;
			sourceTree = "<group>";
		};
		AB7C8AE81909B22000B7BB61 /* FlappySanJose */ = {
			isa = PBXGroup;
			children = (
				AB7C8AF11909B22000B7BB61 /* RCWAppDelegate.h */,
				AB7C8AF21909B22000B7BB61 /* RCWAppDelegate.m */,
				AB7C8AF41909B22000B7BB61 /* Main.storyboard */,
				AB7C8AF71909B22000B7BB61 /* RCWViewController.h */,
				AB7C8AF81909B22000B7BB61 /* RCWViewController.m */,
				AB7C8AFA1909B22000B7BB61 /* RCWMyScene.h */,
				AB7C8AFB1909B22000B7BB61 /* RCWMyScene.m */,
				AB7C8B221909D27B00B7BB61 /* explosion.sks */,
				AB7C8B231909D27B00B7BB61 /* spark.png */,
				AB7C8B1C1909B2D600B7BB61 /* flappy.atlas */,
				AB7C8AFF1909B22000B7BB61 /* Images.xcassets */,
				AB7C8AE91909B22000B7BB61 /* Supporting Files */,
			);
			path = FlappySanJose;
			sourceTree = "<group>";
		};
		AB7C8AE91909B22000B7BB61 /* Supporting Files */ = {
			isa = PBXGroup;
			children = (
				AB7C8AEA1909B22000B7BB61 /* FlappySanJose-Info.plist */,
				AB7C8AEB1909B22000B7BB61 /* InfoPlist.strings */,
				AB7C8AEE1909B22000B7BB61 /* main.m */,
				AB7C8AF01909B22000B7BB61 /* FlappySanJose-Prefix.pch */,
			);
			name = "Supporting Files";
			sourceTree = "<group>";
		};
/* End PBXGroup section */

/* Begin PBXNativeTarget section */
		AB7C8ADC1909B22000B7BB61 /* FlappySanJose */ = {
			isa = PBXNativeTarget;
			buildConfigurationList = AB7C8B161909B22000B7BB61 /* Build configuration list for PBXNativeTarget "FlappySanJose" */;
			buildPhases = (
				AB7C8AD91909B22000B7BB61 /* Sources */,
				AB7C8ADA1909B22000B7BB61 /* Frameworks */,
				AB7C8ADB1909B22000B7BB61 /* Resources */,
			);
			buildRules = (
			);
			dependencies = (
			);
			name = FlappySanJose;
			productName = FlappySanJose;
			productReference = AB7C8ADD1909B22000B7BB61 /* FlappySanJose.app */;
			productType = "com.apple.product-type.application";
		};
/* End PBXNativeTarget section */

/* Begin PBXProject section */
		AB7C8AD51909B22000B7BB61 /* Project object */ = {
			isa = PBXProject;
			attributes = {
				CLASSPREFIX = RCW;
				LastUpgradeCheck = 0510;
				ORGANIZATIONNAME = "Rubber City Wizards";
			};
			buildConfigurationList = AB7C8AD81909B22000B7BB61 /* Build configuration list for PBXProject "FlappySanJose" */;
			compatibilityVersion = "Xcode 3.2";
			developmentRegion = English;
			hasScannedForEncodings = 0;
			knownRegions = (
				en,
				Base,
			);
			mainGroup = AB7C8AD41909B22000B7BB61;
			productRefGroup = AB7C8ADE1909B22000B7BB61 /* Products */;
			projectDirPath = "";
			projectRoot = "";
			targets = (
				AB7C8ADC1909B22000B7BB61 /* FlappySanJose */,
			);
		};
/* End PBXProject section */

/* Begin PBXResourcesBuildPhase section */
		AB7C8ADB1909B22000B7BB61 /* Resources */ = {
			isa = PBXResourcesBuildPhase;
			buildActionMask = 2147483647;
			files = (
				AB7C8AED1909B22000B7BB61 /* InfoPlist.strings in Resources */,
				AB7C8B251909D27B00B7BB61 /* spark.png in Resources */,
				AB7C8B001909B22000B7BB61 /* Images.xcassets in Resources */,
				AB7C8B1D1909B2D600B7BB61 /* flappy.atlas in Resources */,
				AB7C8B241909D27B00B7BB61 /* explosion.sks in Resources */,
				AB7C8AF61909B22000B7BB61 /* Main.storyboard in Resources */,
			);
			runOnlyForDeploymentPostprocessing = 0;
		};
/* End PBXResourcesBuildPhase section */

/* Begin PBXSourcesBuildPhase section */
		AB7C8AD91909B22000B7BB61 /* Sources */ = {
			isa = PBXSourcesBuildPhase;
			buildActionMask = 2147483647;
			files = (
				AB7C8AEF1909B22000B7BB61 /* main.m in Sources */,
				AB7C8AF91909B22000B7BB61 /* RCWViewController.m in Sources */,
				AB7C8AF31909B22000B7BB61 /* RCWAppDelegate.m in Sources */,
				AB7C8AFC1909B22000B7BB61 /* RCWMyScene.m in Sources */,
			);
			runOnlyForDeploymentPostprocessing = 0;
		};
/* End PBXSourcesBuildPhase section */

/* Begin PBXVariantGroup section */
		AB7C8AEB1909B22000B7BB61 /* InfoPlist.strings */ = {
			isa = PBXVariantGroup;
			children = (
				AB7C8AEC1909B22000B7BB61 /* en */,
			);
			name = InfoPlist.strings;
			sourceTree = "<group>";
		};
		AB7C8AF41909B22000B7BB61 /* Main.storyboard */ = {
			isa = PBXVariantGroup;
			children = (
				AB7C8AF51909B22000B7BB61 /* Base */,
			);
			name = Main.storyboard;
			sourceTree = "<group>";
		};
/* End PBXVariantGroup section */

/* Begin XCBuildConfiguration section */
		AB7C8B141909B22000B7BB61 /* Debug */ = {
			isa = XCBuildConfiguration;
			buildSettings = {
				ALWAYS_SEARCH_USER_PATHS = NO;
				CLANG_CXX_LANGUAGE_STANDARD = "gnu++0x";
				CLANG_CXX_LIBRARY = "libc++";
				CLANG_ENABLE_MODULES = YES;
				CLANG_ENABLE_OBJC_ARC = YES;
				CLANG_WARN_BOOL_CONVERSION = YES;
				CLANG_WARN_CONSTANT_CONVERSION = YES;
				CLANG_WARN_DIRECT_OBJC_ISA_USAGE = YES_ERROR;
				CLANG_WARN_EMPTY_BODY = YES;
				CLANG_WARN_ENUM_CONVERSION = YES;
				CLANG_WARN_INT_CONVERSION = YES;
				CLANG_WARN_OBJC_ROOT_CLASS = YES_ERROR;
				CLANG_WARN__DUPLICATE_METHOD_MATCH = YES;
				"CODE_SIGN_IDENTITY[sdk=iphoneos*]" = "iPhone Developer";
				COPY_PHASE_STRIP = NO;
				GCC_C_LANGUAGE_STANDARD = gnu99;
				GCC_DYNAMIC_NO_PIC = NO;
				GCC_OPTIMIZATION_LEVEL = 0;
				GCC_PREPROCESSOR_DEFINITIONS = (
					"DEBUG=1",
					"$(inherited)",
				);
				GCC_SYMBOLS_PRIVATE_EXTERN = NO;
				GCC_WARN_64_TO_32_BIT_CONVERSION = YES;
				GCC_WARN_ABOUT_RETURN_TYPE = YES_ERROR;
				GCC_WARN_UNDECLARED_SELECTOR = YES;
				GCC_WARN_UNINITIALIZED_AUTOS = YES_AGGRESSIVE;
				GCC_WARN_UNUSED_FUNCTION = YES;
				GCC_WARN_UNUSED_VARIABLE = YES;
				IPHONEOS_DEPLOYMENT_TARGET = 7.1;
				ONLY_ACTIVE_ARCH = YES;
				SDKROOT = iphoneos;
			};
			name = Debug;
		};
		AB7C8B151909B22000B7BB61 /* Release */ = {
			isa = XCBuildConfiguration;
			buildSettings = {
				ALWAYS_SEARCH_USER_PATHS = NO;
				CLANG_CXX_LANGUAGE_STANDARD = "gnu++0x";
				CLANG_CXX_LIBRARY = "libc++";
				CLANG_ENABLE_MODULES = YES;
				CLANG_ENABLE_OBJC_ARC = YES;
				CLANG_WARN_BOOL_CONVERSION = YES;
				CLANG_WARN_CONSTANT_CONVERSION = YES;
				CLANG_WARN_DIRECT_OBJC_ISA_USAGE = YES_ERROR;
				CLANG_WARN_EMPTY_BODY = YES;
				CLANG_WARN_ENUM_CONVERSION = YES;
				CLANG_WARN_INT_CONVERSION = YES;
				CLANG_WARN_OBJC_ROOT_CLASS = YES_ERROR;
				CLANG_WARN__DUPLICATE_METHOD_MATCH = YES;
				"CODE_SIGN_IDENTITY[sdk=iphoneos*]" = "iPhone Developer";
				COPY_PHASE_STRIP = YES;
				ENABLE_NS_ASSERTIONS = NO;
				GCC_C_LANGUAGE_STANDARD = gnu99;
				GCC_WARN_64_TO_32_BIT_CONVERSION = YES;
				GCC_WARN_ABOUT_RETURN_TYPE = YES_ERROR;
				GCC_WARN_UNDECLARED_SELECTOR = YES;
				GCC_WARN_UNINITIALIZED_AUTOS = YES_AGGRESSIVE;
				GCC_WARN_UNUSED_FUNCTION = YES;
				GCC_WARN_UNUSED_VARIABLE = YES;
				IPHONEOS_DEPLOYMENT_TARGET = 7.1;
				SDKROOT = iphoneos;
				VALIDATE_PRODUCT = YES;
			};
			name = Release;
		};
		AB7C8B171909B22000B7BB61 /* Debug */ = {
			isa = XCBuildConfiguration;
			buildSettings = {
				ASSETCATALOG_COMPILER_APPICON_NAME = AppIcon;
				ASSETCATALOG_COMPILER_LAUNCHIMAGE_NAME = LaunchImage;
				GCC_PRECOMPILE_PREFIX_HEADER = YES;
				GCC_PREFIX_HEADER = "FlappySanJose/FlappySanJose-Prefix.pch";
				INFOPLIST_FILE = "FlappySanJose/FlappySanJose-Info.plist";
				PRODUCT_NAME = "$(TARGET_NAME)";
				SPRITEKIT_TEXTURE_ATLAS_OUTPUT = YES;
				WRAPPER_EXTENSION = app;
			};
			name = Debug;
		};
		AB7C8B181909B22000B7BB61 /* Release */ = {
			isa = XCBuildConfiguration;
			buildSettings = {
				ASSETCATALOG_COMPILER_APPICON_NAME = AppIcon;
				ASSETCATALOG_COMPILER_LAUNCHIMAGE_NAME = LaunchImage;
				GCC_PRECOMPILE_PREFIX_HEADER = YES;
				GCC_PREFIX_HEADER = "FlappySanJose/FlappySanJose-Prefix.pch";
				INFOPLIST_FILE = "FlappySanJose/FlappySanJose-Info.plist";
				PRODUCT_NAME = "$(TARGET_NAME)";
				SPRITEKIT_TEXTURE_ATLAS_OUTPUT = YES;
				WRAPPER_EXTENSION = app;
			};
			name = Release;
		};
/* End XCBuildConfiguration section */

/* Begin XCConfigurationList section */
		AB7C8AD81909B22000B7BB61 /* Build configuration list for PBXProject "FlappySanJose" */ = {
			isa = XCConfigurationList;
			buildConfigurations = (
				AB7C8B141909B22000B7BB61 /* Debug */,
				AB7C8B151909B22000B7BB61 /* Release */,
			);
			defaultConfigurationIsVisible = 0;
			defaultConfigurationName = Release;
		};
		AB7C8B161909B22000B7BB61 /* Build configuration list for PBXNativeTarget "FlappySanJose" */ = {
			isa = XCConfigurationList;
			buildConfigurations = (
				AB7C8B171909B22000B7BB61 /* Debug */,
				AB7C8B181909B22000B7BB61 /* Release */,
			);
			defaultConfigurationIsVisible = 0;
			defaultConfigurationName = Release;
		};
/* End XCConfigurationList section */
	};
	rootObject = AB7C8AD51909B22000B7BB61 /* Project object */;
}
